<Solution>
  <Folder Name="/Elementos de la solución/">
    <File Path="docker-compose.yml" />
  </Folder>
  <Project Path="../Application/Application.csproj" />
  <Project Path="../Domain/Domain.csproj" />
  <Project Path="../Infrastructure/Infrastructure.csproj" />
  <Project Path="Api/Api.csproj" />
</Solution>
